# This file is automatically @generated by Cargo.
# It is not intended for manual editing.
version = 4

[[package]]
name = "itoa"
version = "1.0.15"

[[package]]
name = "memchr"
version = "2.7.6"

[[package]]
name = "proc-macro2"
version = "1.0.78"
dependencies = [
 "unicode-ident",
]

[[package]]
name = "purecrate-canon"
version = "0.1.0"
dependencies = [
 "proc-macro2",
 "purecrate-ir",
 "purecrate-syntax",
 "quote",
 "syn",
]

[[package]]
name = "purecrate-check"
version = "0.1.0"
dependencies = [
 "purecrate-ir",
 "purecrate-syntax",
]

[[package]]
name = "purecrate-emit-ts"
version = "0.1.0"
dependencies = [
 "purecrate-ir",
]

[[package]]
name = "purecrate-ir"
version = "0.1.0"

[[package]]
name = "purecrate-pack"
version = "0.1.0"
dependencies = [
 "purecrate-emit-ts",
 "purecrate-ir",
]

[[package]]
name = "purecrate-syntax"
version = "0.1.0"
dependencies = [
 "proc-macro2",
 "purecrate-ir",
 "syn",
]

[[package]]
name = "purecrate-ts"
version = "0.1.0"
dependencies = [
 "purecrate-canon",
 "purecrate-check",
 "purecrate-emit-ts",
 "purecrate-ir",
 "purecrate-pack",
 "purecrate-syntax",
 "serde_core",
 "serde_json",
]

[[package]]
name = "quote"
version = "1.0.35"
dependencies = [
 "proc-macro2",
]

[[package]]
name = "ryu"
version = "1.0.20"

[[package]]
name = "serde_core"
version = "1.0.228"

[[package]]
name = "serde_json"
version = "1.0.145"
dependencies = [
 "itoa",
 "memchr",
 "ryu",
 "serde_core",
]

[[package]]
name = "syn"
version = "2.0.52"
dependencies = [
 "proc-macro2",
 "quote",
 "unicode-ident",
]

[[package]]
name = "unicode-ident"
version = "1.0.12"
